
Microsoft Visual Studio Solution File, Format Version 12.00
# Visual Studio 15
VisualStudioVersion = 15.0.28010.2048
MinimumVisualStudioVersion = 10.0.40219.1
Project("{FAE04EC0-301F-11D3-BF4B-00C04F79EFBC}") = "WebFilms", "WebFilms\WebFilms.csproj", "{CDCBA954-6E18-48BC-96E5-495DDEC6F5BC}"
EndProject
Project("{FAE04EC0-301F-11D3-BF4B-00C04F79EFBC}") = "DataAccess", "DataAccess\DataAccess.csproj", "{BF966D5B-689A-45C4-A553-F02085872F73}"
EndProject
Global
	GlobalSection(SolutionConfigurationPlatforms) = preSolution
		Debug|Any CPU = Debug|Any CPU
		Release|Any CPU = Release|Any CPU
	EndGlobalSection
	GlobalSection(ProjectConfigurationPlatforms) = postSolution
		{CDCBA954-6E18-48BC-96E5-495DDEC6F5BC}.Debug|Any CPU.ActiveCfg = Debug|Any CPU
		{CDCBA954-6E18-48BC-96E5-495DDEC6F5BC}.Debug|Any CPU.Build.0 = Debug|Any CPU
		{CDCBA954-6E18-48BC-96E5-495DDEC6F5BC}.Release|Any CPU.ActiveCfg = Release|Any CPU
		{CDCBA954-6E18-48BC-96E5-495DDEC6F5BC}.Release|Any CPU.Build.0 = Release|Any CPU
		{BF966D5B-689A-45C4-A553-F02085872F73}.Debug|Any CPU.ActiveCfg = Debug|Any CPU
		{BF966D5B-689A-45C4-A553-F02085872F73}.Debug|Any CPU.Build.0 = Debug|Any CPU
		{BF966D5B-689A-45C4-A553-F02085872F73}.Release|Any CPU.ActiveCfg = Release|Any CPU
		{BF966D5B-689A-45C4-A553-F02085872F73}.Release|Any CPU.Build.0 = Release|Any CPU
	EndGlobalSection
	GlobalSection(SolutionProperties) = preSolution
		HideSolutionNode = FALSE
	EndGlobalSection
	GlobalSection(ExtensibilityGlobals) = postSolution
		SolutionGuid = {A646A633-D911-4541-96E7-127FAC58A409}
	EndGlobalSection
EndGlobal
